github.com/gofrs/uuid v4.0.0+incompatible/go.mod h1:b2aQJv3Z4Fp6yNu3cdSllBxTCLRxnplIgP/c0N/04lM=
github.com/gofrs/uuid v4.4.0+incompatible h1:3qXRTX8/NbyulANqlc0lchS1gqAVxRgsuW1YrTJupqA=
github.com/gofrs/uuid v4.4.0+incompatible/go.mod h1:b2aQJv3Z4Fp6yNu3cdSllBxTCLRxnplIgP/c0N/04lM=
github.com/jcuga/golongpoll v1.3.0 h1:00lQC7C1a/4YcGnWcdWi1YzJYfat1Hal2+Cnlvgyado=
github.com/jcuga/golongpoll v1.3.0/go.mod h1:1ijFh83w68ylU44F+xSEyrXChP/7NnoAvgCVHWMggWA=
